
Microsoft Visual Studio Solution File, Format Version 12.00
# Visual Studio Version 17
VisualStudioVersion = 17.10.35122.118
MinimumVisualStudioVersion = 10.0.40219.1
Project("{FAE04EC0-301F-11D3-BF4B-00C04F79EFBC}") = "T_Veterinaria", "T_Veterinaria\T_Veterinaria.csproj", "{1DBD6D49-3871-4ADA-9F09-1909466308F2}"
EndProject
Global
	GlobalSection(SolutionConfigurationPlatforms) = preSolution
		Debug|Any CPU = Debug|Any CPU
		Release|Any CPU = Release|Any CPU
	EndGlobalSection
	GlobalSection(ProjectConfigurationPlatforms) = postSolution
		{1DBD6D49-3871-4ADA-9F09-1909466308F2}.Debug|Any CPU.ActiveCfg = Debug|Any CPU
		{1DBD6D49-3871-4ADA-9F09-1909466308F2}.Debug|Any CPU.Build.0 = Debug|Any CPU
		{1DBD6D49-3871-4ADA-9F09-1909466308F2}.Release|Any CPU.ActiveCfg = Release|Any CPU
		{1DBD6D49-3871-4ADA-9F09-1909466308F2}.Release|Any CPU.Build.0 = Release|Any CPU
	EndGlobalSection
	GlobalSection(SolutionProperties) = preSolution
		HideSolutionNode = FALSE
	EndGlobalSection
	GlobalSection(ExtensibilityGlobals) = postSolution
		SolutionGuid = {C7583AAD-0C0A-4A1D-A2D5-AD4B6D583583}
	EndGlobalSection
EndGlobal
